
Microsoft Visual Studio Solution File, Format Version 12.00
# Visual Studio 2012
Project("{FAE04EC0-301F-11D3-BF4B-00C04F79EFBC}") = "ReadApp", "ReadApp\ReadApp.csproj", "{3A019289-6DE4-4226-8209-5AA8EBAFDDCE}"
EndProject
Global
	GlobalSection(SolutionConfigurationPlatforms) = preSolution
		Debug|Any CPU = Debug|Any CPU
		Release|Any CPU = Release|Any CPU
	EndGlobalSection
	GlobalSection(ProjectConfigurationPlatforms) = postSolution
		{3A019289-6DE4-4226-8209-5AA8EBAFDDCE}.Debug|Any CPU.ActiveCfg = Debug|Any CPU
		{3A019289-6DE4-4226-8209-5AA8EBAFDDCE}.Debug|Any CPU.Build.0 = Debug|Any CPU
		{3A019289-6DE4-4226-8209-5AA8EBAFDDCE}.Release|Any CPU.ActiveCfg = Release|Any CPU
		{3A019289-6DE4-4226-8209-5AA8EBAFDDCE}.Release|Any CPU.Build.0 = Release|Any CPU
	EndGlobalSection
EndGlobal
